{
  "name": "quick-ping",
  "version": "1.0.0",
  "lockfileVersion": 3,
  "requires": true,
  "packages": {
    "": {
      "name": "quick-ping",
      "version": "1.0.0",
      "license": "ISC",
      "dependencies": {
        "quick-ping": "file:"
      }
    },
    "backend": {
      "name": "chat-app",
      "version": "1.0.0",
      "extraneous": true,
      "license": "ISC",
      "dependencies": {
        "bcryptjs": "^3.0.2",
        "chat-app": "file:",
        "cloudinary": "^2.6.0",
        "cookie-parser": "^1.4.7",
        "cors": "^2.8.5",
        "dotenv": "^16.5.0",
        "express": "^5.1.0",
        "http": "^0.0.1-security",
        "jsonwebtoken": "^9.0.2",
        "mongodb": "^6.16.0",
        "mongoose": "^8.14.1",
        "path": "^0.12.7",
        "socket.io": "^4.8.1"
      },
      "devDependencies": {
        "nodemon": "^3.1.10"
      }
    },
    "frontend": {
      "name": "chat-app",
      "version": "0.0.0",
      "extraneous": true,
      "dependencies": {
        "@tailwindcss/vite": "^4.1.5",
        "axios": "^1.9.0",
        "chat-app": "file:",
        "lucide-react": "^0.507.0",
        "react": "^19.0.0",
        "react-dom": "^19.0.0",
        "react-hot-toast": "^2.5.2",
        "react-icons": "^5.5.0",
        "react-router-dom": "^7.5.3",
        "socket.io-client": "^4.8.1",
        "tailwindcss": "^4.1.5",
        "zustand": "^5.0.4"
      },
      "devDependencies": {
        "@eslint/js": "^9.22.0",
        "@types/react": "^19.0.10",
        "@types/react-dom": "^19.0.4",
        "@vitejs/plugin-react": "^4.3.4",
        "daisyui": "^5.0.35",
        "eslint": "^9.22.0",
        "eslint-plugin-react-hooks": "^5.2.0",
        "eslint-plugin-react-refresh": "^0.4.19",
        "globals": "^16.0.0",
        "vite": "^6.3.1"
      }
    },
    "node_modules/quick-ping": {
      "resolved": "",
      "link": true
    }
  }
}
